
Microsoft Visual Studio Solution File, Format Version 12.00
# Visual Studio Version 16
VisualStudioVersion = 16.0.30804.86
MinimumVisualStudioVersion = 10.0.40219.1
Project("{FAE04EC0-301F-11D3-BF4B-00C04F79EFBC}") = "Asp1", "Asp1.csproj", "{9F1CFB7F-3BBC-433C-9E30-05C724CE8E3A}"
EndProject
Global
	GlobalSection(SolutionConfigurationPlatforms) = preSolution
		Debug|Any CPU = Debug|Any CPU
		Release|Any CPU = Release|Any CPU
	EndGlobalSection
	GlobalSection(ProjectConfigurationPlatforms) = postSolution
		{9F1CFB7F-3BBC-433C-9E30-05C724CE8E3A}.Debug|Any CPU.ActiveCfg = Debug|Any CPU
		{9F1CFB7F-3BBC-433C-9E30-05C724CE8E3A}.Debug|Any CPU.Build.0 = Debug|Any CPU
		{9F1CFB7F-3BBC-433C-9E30-05C724CE8E3A}.Release|Any CPU.ActiveCfg = Release|Any CPU
		{9F1CFB7F-3BBC-433C-9E30-05C724CE8E3A}.Release|Any CPU.Build.0 = Release|Any CPU
	EndGlobalSection
	GlobalSection(SolutionProperties) = preSolution
		HideSolutionNode = FALSE
	EndGlobalSection
	GlobalSection(ExtensibilityGlobals) = postSolution
		SolutionGuid = {3B33F999-BF07-4224-A40A-2FECEB5C84A7}
	EndGlobalSection
EndGlobal
